
Microsoft Visual Studio Solution File, Format Version 12.00
# Visual Studio Version 17
VisualStudioVersion = 17.7.34202.233
MinimumVisualStudioVersion = 10.0.40219.1
Project("{FAE04EC0-301F-11D3-BF4B-00C04F79EFBC}") = "AppointmentsManager", "AppointmentsManager\AppointmentsManager.csproj", "{36B17D91-5465-4365-A995-47EE7446D49F}"
EndProject
Global
	GlobalSection(SolutionConfigurationPlatforms) = preSolution
		Debug|Any CPU = Debug|Any CPU
		Release|Any CPU = Release|Any CPU
	EndGlobalSection
	GlobalSection(ProjectConfigurationPlatforms) = postSolution
		{36B17D91-5465-4365-A995-47EE7446D49F}.Debug|Any CPU.ActiveCfg = Debug|Any CPU
		{36B17D91-5465-4365-A995-47EE7446D49F}.Debug|Any CPU.Build.0 = Debug|Any CPU
		{36B17D91-5465-4365-A995-47EE7446D49F}.Release|Any CPU.ActiveCfg = Release|Any CPU
		{36B17D91-5465-4365-A995-47EE7446D49F}.Release|Any CPU.Build.0 = Release|Any CPU
	EndGlobalSection
	GlobalSection(SolutionProperties) = preSolution
		HideSolutionNode = FALSE
	EndGlobalSection
	GlobalSection(ExtensibilityGlobals) = postSolution
		SolutionGuid = {C80DE2C1-3C8D-4A02-8CFC-4C1CE7854F31}
	EndGlobalSection
EndGlobal
